<?xml version="1.0" encoding="utf-8"?>
<Project ToolsVersion="4.0" xmlns="http://schemas.microsoft.com/developer/msbuild/2003">
  <ItemGroup>
    <Filter Include="Source Files">
      <UniqueIdentifier>{4FC737F1-C7A5-4376-A066-2A32D752A2FF}</UniqueIdentifier>
      <Extensions>cpp;c;cc;cxx;c++;cppm;ixx;def;odl;idl;hpj;bat;asm;asmx</Extensions>
    </Filter>
    <Filter Include="Header Files">
      <UniqueIdentifier>{93995380-89BD-4b04-88EB-625FBE52EBFB}</UniqueIdentifier>
      <Extensions>h;hh;hpp;hxx;h++;hm;inl;inc;ipp;xsd</Extensions>
    </Filter>
    <Filter Include="Resource Files">
      <UniqueIdentifier>{67DA6AB6-F800-4c08-8B7A-83BB121AAD01}</UniqueIdentifier>
      <Extensions>rc;ico;cur;bmp;dlg;rc2;rct;bin;rgs;gif;jpg;jpeg;jpe;resx;tiff;tif;png;wav;mfcribbon-ms</Extensions>
    </Filter>
  </ItemGroup>
  <ItemGroup>
    <ClInclude Include="include\Sandbox\Application.h">
      <Filter>Header Files</Filter>
    </ClInclude>
    <ClInclude Include="include\Sandbox\Window.h">
      <Filter>Header Files</Filter>
    </ClInclude>
    <ClInclude Include="include\Sandbox\Layer.h">
      <Filter>Header Files</Filter>
    </ClInclude>
    <ClInclude Include="include\Sandbox\Core.h">
      <Filter>Header Files</Filter>
    </ClInclude>
    <ClInclude Include="include\Sandbox\Events\Event.h">
      <Filter>Header Files</Filter>
    </ClInclude>
    <ClInclude Include="include\Sandbox\ImGuiLayer.h">
      <Filter>Header Files</Filter>
    </ClInclude>
    <ClInclude Include="Dependencies\imgui\include\imconfig.h">
      <Filter>Header Files</Filter>
    </ClInclude>
    <ClInclude Include="Dependencies\imgui\include\imgui.h">
      <Filter>Header Files</Filter>
    </ClInclude>
    <ClInclude Include="Dependencies\imgui\include\imgui_impl_glfw.h">
      <Filter>Header Files</Filter>
    </ClInclude>
    <ClInclude Include="Dependencies\imgui\include\imgui_impl_opengl3.h">
      <Filter>Header Files</Filter>
    </ClInclude>
    <ClInclude Include="Dependencies\imgui\include\imgui_impl_opengl3_loader.h">
      <Filter>Header Files</Filter>
    </ClInclude>
    <ClInclude Include="Dependencies\imgui\include\imgui_internal.h">
      <Filter>Header Files</Filter>
    </ClInclude>
    <ClInclude Include="Dependencies\imgui\include\imstb_rectpack.h">
      <Filter>Header Files</Filter>
    </ClInclude>
    <ClInclude Include="Dependencies\imgui\include\imstb_textedit.h">
      <Filter>Header Files</Filter>
    </ClInclude>
    <ClInclude Include="Dependencies\imgui\include\imstb_truetype.h">
      <Filter>Header Files</Filter>
    </ClInclude>
    <ClInclude Include="include\Sandbox\Events\KeyEvent.h">
      <Filter>Header Files</Filter>
    </ClInclude>
    <ClInclude Include="include\Sandbox\Events\MouseEvent.h">
      <Filter>Header Files</Filter>
    </ClInclude>
    <ClInclude Include="include\Sandbox\Events\ApplicationEvent.h">
      <Filter>Header Files</Filter>
    </ClInclude>
    <ClInclude Include="include\Sandbox\MenuLayer.h">
      <Filter>Header Files</Filter>
    </ClInclude>
    <ClInclude Include="include\GLAbstractions\Shader.h">
      <Filter>Header Files</Filter>
    </ClInclude>
    <ClInclude Include="include\Sandbox\GLDebug.h">
      <Filter>Header Files</Filter>
    </ClInclude>
    <ClInclude Include="include\Utility\OrthographicCamera.h">
      <Filter>Header Files</Filter>
    </ClInclude>
    <ClInclude Include="include\Utility\OrthographicCameraController.h">
      <Filter>Header Files</Filter>
    </ClInclude>
    <ClInclude Include="layers\Ortho\OrthoTest.h">
      <Filter>Header Files</Filter>
    </ClInclude>
    <ClInclude Include="include\Sandbox\Input.h">
      <Filter>Header Files</Filter>
    </ClInclude>
    <ClInclude Include="include\Utility\PerspectiveCamera.h">
      <Filter>Header Files</Filter>
    </ClInclude>
    <ClInclude Include="include\Utility\PerspectiveCameraController.h">
      <Filter>Header Files</Filter>
    </ClInclude>
    <ClInclude Include="layers\Cube\TestCube.h">
      <Filter>Header Files</Filter>
    </ClInclude>
    <ClInclude Include="layers\TestLightA\TestLightA.h">
      <Filter>Header Files</Filter>
    </ClInclude>
    <ClInclude Include="include\GLAbstractions\Texture.h">
      <Filter>Header Files</Filter>
    </ClInclude>
    <ClInclude Include="Dependencies\stb_image\include\stb_image.h">
      <Filter>Header Files</Filter>
    </ClInclude>
    <ClInclude Include="layers\TestLightB\TestLightB.h">
      <Filter>Header Files</Filter>
    </ClInclude>
    <ClInclude Include="layers\TestLightC\TestLightC.h">
      <Filter>Header Files</Filter>
    </ClInclude>
    <ClInclude Include="layers\TestLightD\TestLightD.h">
      <Filter>Header Files</Filter>
    </ClInclude>
    <ClInclude Include="layers\CornellBox\CornellBox.h">
      <Filter>Header Files</Filter>
    </ClInclude>
    <ClInclude Include="include\GLAbstractions\VertexBufferLayout.h">
      <Filter>Header Files</Filter>
    </ClInclude>
    <ClInclude Include="include\GLAbstractions\Buffer.h">
      <Filter>Header Files</Filter>
    </ClInclude>
    <ClInclude Include="include\GLAbstractions\VertexArray.h">
      <Filter>Header Files</Filter>
    </ClInclude>
    <ClInclude Include="layers\PointShadows\TestPointShadows.h">
      <Filter>Header Files</Filter>
    </ClInclude>
    <ClInclude Include="include\GLAbstractions\ShadowMapFBO.h">
      <Filter>Header Files</Filter>
    </ClInclude>
    <ClInclude Include="layers\ShadowMap\TestShadowMap.h">
      <Filter>Header Files</Filter>
    </ClInclude>
  </ItemGroup>
  <ItemGroup>
    <ClCompile Include="include\Sandbox\Application.cpp">
      <Filter>Source Files</Filter>
    </ClCompile>
    <ClCompile Include="Dependencies\glad\src\glad.c">
      <Filter>Source Files</Filter>
    </ClCompile>
    <ClCompile Include="Dependencies\stb_image\src\stb.cpp">
      <Filter>Source Files</Filter>
    </ClCompile>
    <ClCompile Include="include\Sandbox\Window.cpp">
      <Filter>Source Files</Filter>
    </ClCompile>
    <ClCompile Include="include\Sandbox\ImGuiLayer.cpp">
      <Filter>Source Files</Filter>
    </ClCompile>
    <ClCompile Include="Dependencies\imgui\include\imgui.cpp">
      <Filter>Source Files</Filter>
    </ClCompile>
    <ClCompile Include="Dependencies\imgui\include\imgui_demo.cpp">
      <Filter>Source Files</Filter>
    </ClCompile>
    <ClCompile Include="Dependencies\imgui\include\imgui_draw.cpp">
      <Filter>Source Files</Filter>
    </ClCompile>
    <ClCompile Include="Dependencies\imgui\include\imgui_impl_glfw.cpp">
      <Filter>Source Files</Filter>
    </ClCompile>
    <ClCompile Include="Dependencies\imgui\include\imgui_impl_opengl3.cpp">
      <Filter>Source Files</Filter>
    </ClCompile>
    <ClCompile Include="Dependencies\imgui\include\imgui_tables.cpp">
      <Filter>Source Files</Filter>
    </ClCompile>
    <ClCompile Include="Dependencies\imgui\include\imgui_widgets.cpp">
      <Filter>Source Files</Filter>
    </ClCompile>
    <ClCompile Include="include\Sandbox\MenuLayer.cpp">
      <Filter>Source Files</Filter>
    </ClCompile>
    <ClCompile Include="src\ExampleApp.cpp">
      <Filter>Source Files</Filter>
    </ClCompile>
    <ClCompile Include="include\GLAbstractions\Shader.cpp">
      <Filter>Source Files</Filter>
    </ClCompile>
    <ClCompile Include="include\Sandbox\GLDebug.cpp">
      <Filter>Source Files</Filter>
    </ClCompile>
    <ClCompile Include="include\Utility\OrthographicCamera.cpp">
      <Filter>Source Files</Filter>
    </ClCompile>
    <ClCompile Include="include\Utility\OrthographicCameraController.cpp">
      <Filter>Source Files</Filter>
    </ClCompile>
    <ClCompile Include="layers\Ortho\OrthoTest.cpp">
      <Filter>Source Files</Filter>
    </ClCompile>
    <ClCompile Include="include\Sandbox\Input.cpp">
      <Filter>Source Files</Filter>
    </ClCompile>
    <ClCompile Include="include\Utility\PerspectiveCamera.cpp">
      <Filter>Source Files</Filter>
    </ClCompile>
    <ClCompile Include="include\Utility\PerspectiveCameraController.cpp">
      <Filter>Source Files</Filter>
    </ClCompile>
    <ClCompile Include="layers\Cube\TestCube.cpp">
      <Filter>Source Files</Filter>
    </ClCompile>
    <ClCompile Include="layers\TestLightA\TestLightA.cpp">
      <Filter>Source Files</Filter>
    </ClCompile>
    <ClCompile Include="include\GLAbstractions\Texture.cpp">
      <Filter>Source Files</Filter>
    </ClCompile>
    <ClCompile Include="layers\TestLightB\TestLightB.cpp">
      <Filter>Source Files</Filter>
    </ClCompile>
    <ClCompile Include="layers\TestLightC\TestLightC.cpp">
      <Filter>Source Files</Filter>
    </ClCompile>
    <ClCompile Include="layers\TestLightD\TestLightD.cpp">
      <Filter>Source Files</Filter>
    </ClCompile>
    <ClCompile Include="layers\CornellBox\CornellBox.cpp">
      <Filter>Source Files</Filter>
    </ClCompile>
    <ClCompile Include="include\GLAbstractions\Buffer.cpp">
      <Filter>Source Files</Filter>
    </ClCompile>
    <ClCompile Include="include\GLAbstractions\VertexArray.cpp">
      <Filter>Source Files</Filter>
    </ClCompile>
    <ClCompile Include="layers\PointShadows\TestPointShadows.cpp">
      <Filter>Source Files</Filter>
    </ClCompile>
    <ClCompile Include="include\GLAbstractions\ShadowMapFBO.cpp">
      <Filter>Source Files</Filter>
    </ClCompile>
    <ClCompile Include="layers\ShadowMap\TestShadowMap.cpp">
      <Filter>Source Files</Filter>
    </ClCompile>
  </ItemGroup>
  <ItemGroup>
    <None Include="res\shaders\screenVertex.glsl" />
    <None Include="layers\PointShadows\res\shadowDepthGeom.glsl" />
  </ItemGroup>
</Project>